
Microsoft Visual Studio Solution File, Format Version 12.00
# Visual Studio Version 17
VisualStudioVersion = 17.8.34330.188
MinimumVisualStudioVersion = 10.0.40219.1
Project("{9A19103F-16F7-4668-BE54-9A1E7A4F7556}") = "ShopOnlineCafe.Server", "ShopOnlineCafe\Server\ShopOnlineCafe.Server.csproj", "{7FA621DE-DCFF-478C-A8CE-853460ACE8A3}"
EndProject
Project("{9A19103F-16F7-4668-BE54-9A1E7A4F7556}") = "ShopOnlineCafe.Client", "ShopOnlineCafe\Client\ShopOnlineCafe.Client.csproj", "{C73D9279-824F-4361-A5CD-1B84BB796E10}"
EndProject
Project("{9A19103F-16F7-4668-BE54-9A1E7A4F7556}") = "ShopOnlineCafe.Shared", "ShopOnlineCafe\Shared\ShopOnlineCafe.Shared.csproj", "{4AC01FB3-53BB-4B6B-8BE2-3DE7D086CD32}"
EndProject
Global
	GlobalSection(SolutionConfigurationPlatforms) = preSolution
		Debug|Any CPU = Debug|Any CPU
		Release|Any CPU = Release|Any CPU
	EndGlobalSection
	GlobalSection(ProjectConfigurationPlatforms) = postSolution
		{7FA621DE-DCFF-478C-A8CE-853460ACE8A3}.Debug|Any CPU.ActiveCfg = Debug|Any CPU
		{7FA621DE-DCFF-478C-A8CE-853460ACE8A3}.Debug|Any CPU.Build.0 = Debug|Any CPU
		{7FA621DE-DCFF-478C-A8CE-853460ACE8A3}.Release|Any CPU.ActiveCfg = Release|Any CPU
		{7FA621DE-DCFF-478C-A8CE-853460ACE8A3}.Release|Any CPU.Build.0 = Release|Any CPU
		{C73D9279-824F-4361-A5CD-1B84BB796E10}.Debug|Any CPU.ActiveCfg = Debug|Any CPU
		{C73D9279-824F-4361-A5CD-1B84BB796E10}.Debug|Any CPU.Build.0 = Debug|Any CPU
		{C73D9279-824F-4361-A5CD-1B84BB796E10}.Release|Any CPU.ActiveCfg = Release|Any CPU
		{C73D9279-824F-4361-A5CD-1B84BB796E10}.Release|Any CPU.Build.0 = Release|Any CPU
		{4AC01FB3-53BB-4B6B-8BE2-3DE7D086CD32}.Debug|Any CPU.ActiveCfg = Debug|Any CPU
		{4AC01FB3-53BB-4B6B-8BE2-3DE7D086CD32}.Debug|Any CPU.Build.0 = Debug|Any CPU
		{4AC01FB3-53BB-4B6B-8BE2-3DE7D086CD32}.Release|Any CPU.ActiveCfg = Release|Any CPU
		{4AC01FB3-53BB-4B6B-8BE2-3DE7D086CD32}.Release|Any CPU.Build.0 = Release|Any CPU
	EndGlobalSection
	GlobalSection(SolutionProperties) = preSolution
		HideSolutionNode = FALSE
	EndGlobalSection
	GlobalSection(ExtensibilityGlobals) = postSolution
		SolutionGuid = {14F2ED71-DF0B-4ACF-8D43-60058273D035}
	EndGlobalSection
EndGlobal
